
Microsoft Visual Studio Solution File, Format Version 12.00
# Visual Studio Version 16
VisualStudioVersion = 16.0.30523.141
MinimumVisualStudioVersion = 10.0.40219.1
Project("{FAE04EC0-301F-11D3-BF4B-00C04F79EFBC}") = "FileExplorer", "FileExplorer\FileExplorer.csproj", "{28260BAA-0042-4423-9986-69EE61758FA0}"
EndProject
Global
	GlobalSection(SolutionConfigurationPlatforms) = preSolution
		Debug|Any CPU = Debug|Any CPU
		Release|Any CPU = Release|Any CPU
	EndGlobalSection
	GlobalSection(ProjectConfigurationPlatforms) = postSolution
		{28260BAA-0042-4423-9986-69EE61758FA0}.Debug|Any CPU.ActiveCfg = Debug|Any CPU
		{28260BAA-0042-4423-9986-69EE61758FA0}.Debug|Any CPU.Build.0 = Debug|Any CPU
		{28260BAA-0042-4423-9986-69EE61758FA0}.Release|Any CPU.ActiveCfg = Release|Any CPU
		{28260BAA-0042-4423-9986-69EE61758FA0}.Release|Any CPU.Build.0 = Release|Any CPU
	EndGlobalSection
	GlobalSection(SolutionProperties) = preSolution
		HideSolutionNode = FALSE
	EndGlobalSection
	GlobalSection(ExtensibilityGlobals) = postSolution
		SolutionGuid = {FBD86FC2-DEB2-4837-ACBC-81D35281F177}
	EndGlobalSection
EndGlobal
